
Microsoft Visual Studio Solution File, Format Version 12.00
# Visual Studio Version 17
VisualStudioVersion = 17.1.32228.430
MinimumVisualStudioVersion = 10.0.40219.1
Project("{FAE04EC0-301F-11D3-BF4B-00C04F79EFBC}") = "MesDelAño", "MesDelAño.csproj", "{C6C1E54B-5A24-4655-AC4A-F94F7C9FE01A}"
EndProject
Global
	GlobalSection(SolutionConfigurationPlatforms) = preSolution
		Debug|Any CPU = Debug|Any CPU
		Release|Any CPU = Release|Any CPU
	EndGlobalSection
	GlobalSection(ProjectConfigurationPlatforms) = postSolution
		{C6C1E54B-5A24-4655-AC4A-F94F7C9FE01A}.Debug|Any CPU.ActiveCfg = Debug|Any CPU
		{C6C1E54B-5A24-4655-AC4A-F94F7C9FE01A}.Debug|Any CPU.Build.0 = Debug|Any CPU
		{C6C1E54B-5A24-4655-AC4A-F94F7C9FE01A}.Release|Any CPU.ActiveCfg = Release|Any CPU
		{C6C1E54B-5A24-4655-AC4A-F94F7C9FE01A}.Release|Any CPU.Build.0 = Release|Any CPU
	EndGlobalSection
	GlobalSection(SolutionProperties) = preSolution
		HideSolutionNode = FALSE
	EndGlobalSection
	GlobalSection(ExtensibilityGlobals) = postSolution
		SolutionGuid = {EA140202-4755-444D-93C2-69FF85453222}
	EndGlobalSection
EndGlobal
